
Microsoft Visual Studio Solution File, Format Version 12.00
# Visual Studio Version 17
VisualStudioVersion = 17.1.32228.430
MinimumVisualStudioVersion = 10.0.40219.1
Project("{9A19103F-16F7-4668-BE54-9A1E7A4F7556}") = "Domain", "Domain\Domain.csproj", "{ED43CF36-649D-4BA0-A209-09FEB53C6424}"
EndProject
Project("{9A19103F-16F7-4668-BE54-9A1E7A4F7556}") = "Infrastructure", "Infrastructure\Infrastructure.csproj", "{EBF104BC-411F-481D-A878-B1FD5D2CDD2F}"
EndProject
Project("{9A19103F-16F7-4668-BE54-9A1E7A4F7556}") = "API", "API\API.csproj", "{7E1F31D2-CB8D-40D0-BD4F-6A059901EBB2}"
EndProject
Project("{FAE04EC0-301F-11D3-BF4B-00C04F79EFBC}") = "Application", "Application\Application.csproj", "{8A6EBD44-E4D8-474A-991F-75CFD0DE13E7}"
EndProject
Global
	GlobalSection(SolutionConfigurationPlatforms) = preSolution
		Debug|Any CPU = Debug|Any CPU
		Release|Any CPU = Release|Any CPU
	EndGlobalSection
	GlobalSection(ProjectConfigurationPlatforms) = postSolution
		{ED43CF36-649D-4BA0-A209-09FEB53C6424}.Debug|Any CPU.ActiveCfg = Debug|Any CPU
		{ED43CF36-649D-4BA0-A209-09FEB53C6424}.Debug|Any CPU.Build.0 = Debug|Any CPU
		{ED43CF36-649D-4BA0-A209-09FEB53C6424}.Release|Any CPU.ActiveCfg = Release|Any CPU
		{ED43CF36-649D-4BA0-A209-09FEB53C6424}.Release|Any CPU.Build.0 = Release|Any CPU
		{EBF104BC-411F-481D-A878-B1FD5D2CDD2F}.Debug|Any CPU.ActiveCfg = Debug|Any CPU
		{EBF104BC-411F-481D-A878-B1FD5D2CDD2F}.Debug|Any CPU.Build.0 = Debug|Any CPU
		{EBF104BC-411F-481D-A878-B1FD5D2CDD2F}.Release|Any CPU.ActiveCfg = Release|Any CPU
		{EBF104BC-411F-481D-A878-B1FD5D2CDD2F}.Release|Any CPU.Build.0 = Release|Any CPU
		{7E1F31D2-CB8D-40D0-BD4F-6A059901EBB2}.Debug|Any CPU.ActiveCfg = Debug|Any CPU
		{7E1F31D2-CB8D-40D0-BD4F-6A059901EBB2}.Debug|Any CPU.Build.0 = Debug|Any CPU
		{7E1F31D2-CB8D-40D0-BD4F-6A059901EBB2}.Release|Any CPU.ActiveCfg = Release|Any CPU
		{7E1F31D2-CB8D-40D0-BD4F-6A059901EBB2}.Release|Any CPU.Build.0 = Release|Any CPU
		{8A6EBD44-E4D8-474A-991F-75CFD0DE13E7}.Debug|Any CPU.ActiveCfg = Debug|Any CPU
		{8A6EBD44-E4D8-474A-991F-75CFD0DE13E7}.Debug|Any CPU.Build.0 = Debug|Any CPU
		{8A6EBD44-E4D8-474A-991F-75CFD0DE13E7}.Release|Any CPU.ActiveCfg = Release|Any CPU
		{8A6EBD44-E4D8-474A-991F-75CFD0DE13E7}.Release|Any CPU.Build.0 = Release|Any CPU
	EndGlobalSection
	GlobalSection(SolutionProperties) = preSolution
		HideSolutionNode = FALSE
	EndGlobalSection
	GlobalSection(ExtensibilityGlobals) = postSolution
		SolutionGuid = {E44C27E1-AC54-4FD9-8CA3-42417AEFDEE6}
	EndGlobalSection
EndGlobal
